
Microsoft Visual Studio Solution File, Format Version 12.00
# Visual Studio Version 16
VisualStudioVersion = 16.0.31729.503
MinimumVisualStudioVersion = 10.0.40219.1
Project("{9A19103F-16F7-4668-BE54-9A1E7A4F7556}") = "JustIoC", "src\JustIoC\JustIoC.csproj", "{02759AD1-385A-4D7B-893D-9A2DE83AD44B}"
EndProject
Project("{FAE04EC0-301F-11D3-BF4B-00C04F79EFBC}") = "JustIoC.Tests", "tests\JustIoC.Tests\JustIoC.Tests.csproj", "{7D30AB66-E421-4511-A3D7-BE58AC0E7303}"
EndProject
Global
	GlobalSection(SolutionConfigurationPlatforms) = preSolution
		Debug|Any CPU = Debug|Any CPU
		Release|Any CPU = Release|Any CPU
	EndGlobalSection
	GlobalSection(ProjectConfigurationPlatforms) = postSolution
		{02759AD1-385A-4D7B-893D-9A2DE83AD44B}.Debug|Any CPU.ActiveCfg = Debug|Any CPU
		{02759AD1-385A-4D7B-893D-9A2DE83AD44B}.Debug|Any CPU.Build.0 = Debug|Any CPU
		{02759AD1-385A-4D7B-893D-9A2DE83AD44B}.Release|Any CPU.ActiveCfg = Release|Any CPU
		{02759AD1-385A-4D7B-893D-9A2DE83AD44B}.Release|Any CPU.Build.0 = Release|Any CPU
		{7D30AB66-E421-4511-A3D7-BE58AC0E7303}.Debug|Any CPU.ActiveCfg = Debug|Any CPU
		{7D30AB66-E421-4511-A3D7-BE58AC0E7303}.Debug|Any CPU.Build.0 = Debug|Any CPU
		{7D30AB66-E421-4511-A3D7-BE58AC0E7303}.Release|Any CPU.ActiveCfg = Release|Any CPU
		{7D30AB66-E421-4511-A3D7-BE58AC0E7303}.Release|Any CPU.Build.0 = Release|Any CPU
	EndGlobalSection
	GlobalSection(SolutionProperties) = preSolution
		HideSolutionNode = FALSE
	EndGlobalSection
	GlobalSection(ExtensibilityGlobals) = postSolution
		SolutionGuid = {20F53113-DFDC-4EFE-9934-2A83B20E5B7E}
	EndGlobalSection
EndGlobal
